
Microsoft Visual Studio Solution File, Format Version 12.00
# Visual Studio Version 17
VisualStudioVersion = 17.8.34525.116
MinimumVisualStudioVersion = 10.0.40219.1
Project("{9A19103F-16F7-4668-BE54-9A1E7A4F7556}") = "XPBenefits", "XP Benefits\XPBenefits.csproj", "{22B73056-2E90-4B0F-826F-BB91C3004266}"
EndProject
Project("{9A19103F-16F7-4668-BE54-9A1E7A4F7556}") = "CompatibleTools", "Compatible Tools\CompatibleTools.csproj", "{2F6A07CE-C667-41AD-A412-44D90783B9E9}"
EndProject
Project("{9A19103F-16F7-4668-BE54-9A1E7A4F7556}") = "ReplacementInteractions", "Replacement Interactions\ReplacementInteractions.csproj", "{8A03A4E8-69DA-412E-A643-31CF90448E30}"
EndProject
Global
	GlobalSection(SolutionConfigurationPlatforms) = preSolution
		Debug|Any CPU = Debug|Any CPU
		Release|Any CPU = Release|Any CPU
	EndGlobalSection
	GlobalSection(ProjectConfigurationPlatforms) = postSolution
		{22B73056-2E90-4B0F-826F-BB91C3004266}.Debug|Any CPU.ActiveCfg = Debug|Any CPU
		{22B73056-2E90-4B0F-826F-BB91C3004266}.Debug|Any CPU.Build.0 = Debug|Any CPU
		{22B73056-2E90-4B0F-826F-BB91C3004266}.Release|Any CPU.ActiveCfg = Release|Any CPU
		{22B73056-2E90-4B0F-826F-BB91C3004266}.Release|Any CPU.Build.0 = Release|Any CPU
		{2F6A07CE-C667-41AD-A412-44D90783B9E9}.Debug|Any CPU.ActiveCfg = Debug|Any CPU
		{2F6A07CE-C667-41AD-A412-44D90783B9E9}.Debug|Any CPU.Build.0 = Debug|Any CPU
		{2F6A07CE-C667-41AD-A412-44D90783B9E9}.Release|Any CPU.ActiveCfg = Release|Any CPU
		{2F6A07CE-C667-41AD-A412-44D90783B9E9}.Release|Any CPU.Build.0 = Release|Any CPU
		{8A03A4E8-69DA-412E-A643-31CF90448E30}.Debug|Any CPU.ActiveCfg = Debug|Any CPU
		{8A03A4E8-69DA-412E-A643-31CF90448E30}.Debug|Any CPU.Build.0 = Debug|Any CPU
		{8A03A4E8-69DA-412E-A643-31CF90448E30}.Release|Any CPU.ActiveCfg = Release|Any CPU
		{8A03A4E8-69DA-412E-A643-31CF90448E30}.Release|Any CPU.Build.0 = Release|Any CPU
	EndGlobalSection
	GlobalSection(SolutionProperties) = preSolution
		HideSolutionNode = FALSE
	EndGlobalSection
	GlobalSection(ExtensibilityGlobals) = postSolution
		SolutionGuid = {90A08D15-302A-4451-972F-66573F63FED2}
	EndGlobalSection
EndGlobal
